
Microsoft Visual Studio Solution File, Format Version 12.00
# Visual Studio 15
VisualStudioVersion = 15.0.28010.2050
MinimumVisualStudioVersion = 10.0.40219.1
Project("{FAE04EC0-301F-11D3-BF4B-00C04F79EFBC}") = "CarDealer", "CarDealer\CarDealer.csproj", "{DAEA80D2-2E9F-4DCC-BCB0-FD8D78866824}"
EndProject
Global
	GlobalSection(SolutionConfigurationPlatforms) = preSolution
		Debug|Any CPU = Debug|Any CPU
		Release|Any CPU = Release|Any CPU
	EndGlobalSection
	GlobalSection(ProjectConfigurationPlatforms) = postSolution
		{DAEA80D2-2E9F-4DCC-BCB0-FD8D78866824}.Debug|Any CPU.ActiveCfg = Debug|Any CPU
		{DAEA80D2-2E9F-4DCC-BCB0-FD8D78866824}.Debug|Any CPU.Build.0 = Debug|Any CPU
		{DAEA80D2-2E9F-4DCC-BCB0-FD8D78866824}.Release|Any CPU.ActiveCfg = Release|Any CPU
		{DAEA80D2-2E9F-4DCC-BCB0-FD8D78866824}.Release|Any CPU.Build.0 = Release|Any CPU
	EndGlobalSection
	GlobalSection(SolutionProperties) = preSolution
		HideSolutionNode = FALSE
	EndGlobalSection
	GlobalSection(ExtensibilityGlobals) = postSolution
		SolutionGuid = {85FDF6C3-04EE-404D-9BA6-6692B261D6D9}
	EndGlobalSection
EndGlobal
